
Microsoft Visual Studio Solution File, Format Version 12.00
# Visual Studio 15
VisualStudioVersion = 15.0.28010.2026
MinimumVisualStudioVersion = 10.0.40219.1
Project("{FAE04EC0-301F-11D3-BF4B-00C04F79EFBC}") = "RSSFeed", "RSSFeed\RSSFeed.csproj", "{B26D3CD0-FF5A-479C-92C9-F64F9EA8A1AA}"
EndProject
Project("{FAE04EC0-301F-11D3-BF4B-00C04F79EFBC}") = "RSSFeedWeb", "RSSFeedWeb\RSSFeedWeb.csproj", "{BFC04CB9-10A3-44F7-9C63-4A96BDBC9F1F}"
EndProject
Global
	GlobalSection(SolutionConfigurationPlatforms) = preSolution
		Debug|Any CPU = Debug|Any CPU
		Release|Any CPU = Release|Any CPU
	EndGlobalSection
	GlobalSection(ProjectConfigurationPlatforms) = postSolution
		{B26D3CD0-FF5A-479C-92C9-F64F9EA8A1AA}.Debug|Any CPU.ActiveCfg = Debug|Any CPU
		{B26D3CD0-FF5A-479C-92C9-F64F9EA8A1AA}.Debug|Any CPU.Build.0 = Debug|Any CPU
		{B26D3CD0-FF5A-479C-92C9-F64F9EA8A1AA}.Release|Any CPU.ActiveCfg = Release|Any CPU
		{B26D3CD0-FF5A-479C-92C9-F64F9EA8A1AA}.Release|Any CPU.Build.0 = Release|Any CPU
		{BFC04CB9-10A3-44F7-9C63-4A96BDBC9F1F}.Debug|Any CPU.ActiveCfg = Debug|Any CPU
		{BFC04CB9-10A3-44F7-9C63-4A96BDBC9F1F}.Debug|Any CPU.Build.0 = Debug|Any CPU
		{BFC04CB9-10A3-44F7-9C63-4A96BDBC9F1F}.Release|Any CPU.ActiveCfg = Release|Any CPU
		{BFC04CB9-10A3-44F7-9C63-4A96BDBC9F1F}.Release|Any CPU.Build.0 = Release|Any CPU
	EndGlobalSection
	GlobalSection(SolutionProperties) = preSolution
		HideSolutionNode = FALSE
	EndGlobalSection
	GlobalSection(ExtensibilityGlobals) = postSolution
		SolutionGuid = {C71F2B1E-7AFF-43DA-A87A-56AEBA09AD1D}
	EndGlobalSection
EndGlobal
